
Microsoft Visual Studio Solution File, Format Version 12.00
# Visual Studio Version 16
VisualStudioVersion = 16.0.30225.117
MinimumVisualStudioVersion = 10.0.40219.1
Project("{FAE04EC0-301F-11D3-BF4B-00C04F79EFBC}") = "zcxRestService", "zcxRestService.csproj", "{B05C7D9C-7AF9-4D2F-BC98-8C2798589E16}"
EndProject
Global
	GlobalSection(SolutionConfigurationPlatforms) = preSolution
		Debug|Any CPU = Debug|Any CPU
		Release|Any CPU = Release|Any CPU
	EndGlobalSection
	GlobalSection(ProjectConfigurationPlatforms) = postSolution
		{B05C7D9C-7AF9-4D2F-BC98-8C2798589E16}.Debug|Any CPU.ActiveCfg = Debug|Any CPU
		{B05C7D9C-7AF9-4D2F-BC98-8C2798589E16}.Debug|Any CPU.Build.0 = Debug|Any CPU
		{B05C7D9C-7AF9-4D2F-BC98-8C2798589E16}.Release|Any CPU.ActiveCfg = Release|Any CPU
		{B05C7D9C-7AF9-4D2F-BC98-8C2798589E16}.Release|Any CPU.Build.0 = Release|Any CPU
	EndGlobalSection
	GlobalSection(SolutionProperties) = preSolution
		HideSolutionNode = FALSE
	EndGlobalSection
	GlobalSection(ExtensibilityGlobals) = postSolution
		SolutionGuid = {99BD9CE9-B969-42D4-BBE8-BCD023E3321B}
	EndGlobalSection
EndGlobal
